
Microsoft Visual Studio Solution File, Format Version 12.00
# Visual Studio Version 17
VisualStudioVersion = 17.10.34928.147
MinimumVisualStudioVersion = 10.0.40219.1
Project("{FAE04EC0-301F-11D3-BF4B-00C04F79EFBC}") = "SheepApp", "SheepApp\SheepApp.csproj", "{82FB40D8-C714-4FCD-B295-56903140EDAD}"
EndProject
Global
	GlobalSection(SolutionConfigurationPlatforms) = preSolution
		Debug|Any CPU = Debug|Any CPU
		Release|Any CPU = Release|Any CPU
	EndGlobalSection
	GlobalSection(ProjectConfigurationPlatforms) = postSolution
		{82FB40D8-C714-4FCD-B295-56903140EDAD}.Debug|Any CPU.ActiveCfg = Debug|Any CPU
		{82FB40D8-C714-4FCD-B295-56903140EDAD}.Debug|Any CPU.Build.0 = Debug|Any CPU
		{82FB40D8-C714-4FCD-B295-56903140EDAD}.Release|Any CPU.ActiveCfg = Release|Any CPU
		{82FB40D8-C714-4FCD-B295-56903140EDAD}.Release|Any CPU.Build.0 = Release|Any CPU
	EndGlobalSection
	GlobalSection(SolutionProperties) = preSolution
		HideSolutionNode = FALSE
	EndGlobalSection
	GlobalSection(ExtensibilityGlobals) = postSolution
		SolutionGuid = {6582B7DA-F419-4DDD-8FA5-A33E88EC82EC}
	EndGlobalSection
EndGlobal
